
Microsoft Visual Studio Solution File, Format Version 12.00
# Visual Studio 15
VisualStudioVersion = 15.0.27703.2047
MinimumVisualStudioVersion = 10.0.40219.1
Project("{FAE04EC0-301F-11D3-BF4B-00C04F79EFBC}") = "Curator", "Curator\Curator.csproj", "{C7A90C91-5E6C-4195-85B4-6AF400DEE60C}"
EndProject
Global
	GlobalSection(SolutionConfigurationPlatforms) = preSolution
		Debug|Any CPU = Debug|Any CPU
		Release|Any CPU = Release|Any CPU
	EndGlobalSection
	GlobalSection(ProjectConfigurationPlatforms) = postSolution
		{C7A90C91-5E6C-4195-85B4-6AF400DEE60C}.Debug|Any CPU.ActiveCfg = Debug|Any CPU
		{C7A90C91-5E6C-4195-85B4-6AF400DEE60C}.Debug|Any CPU.Build.0 = Debug|Any CPU
		{C7A90C91-5E6C-4195-85B4-6AF400DEE60C}.Release|Any CPU.ActiveCfg = Release|Any CPU
		{C7A90C91-5E6C-4195-85B4-6AF400DEE60C}.Release|Any CPU.Build.0 = Release|Any CPU
	EndGlobalSection
	GlobalSection(SolutionProperties) = preSolution
		HideSolutionNode = FALSE
	EndGlobalSection
	GlobalSection(ExtensibilityGlobals) = postSolution
		SolutionGuid = {D91BE5DA-8B48-401F-BA96-3C76E7B5DED3}
	EndGlobalSection
EndGlobal
